# This file is automatically @generated by Cargo.
# It is not intended for manual editing.
version = 4

[[package]]
name = "rusty-mcrouter"
version = "0.1.0"

[[package]]
name = "rusty-mcrouter-core"
version = "0.1.0"

[[package]]
name = "rusty-mcrouter-net"
version = "0.1.0"

[[package]]
name = "rusty-mcrouter-protocol"
version = "0.1.0"
